
Microsoft Visual Studio Solution File, Format Version 12.00
Project("{2150E333-8FDC-42A3-9474-1A3956D46DE8}") = "Solution Items", "Solution Items", "{9E1BA3A7-7D9E-4116-BC19-384D37277382}"
	ProjectSection(SolutionItems) = preProject
		README.md = README.md
		AGENT_INSTRUCTIONS.md = AGENT_INSTRUCTIONS.md
		verify_workflow.sh = verify_workflow.sh
	EndProjectSection
EndProject
Project("{2150E333-8FDC-42A3-9474-1A3956D46DE8}") = "src", "src", "{DDEE5021-AB97-419B-B7A3-B1B5CA76E3C7}"
EndProject
Project("{2150E333-8FDC-42A3-9474-1A3956D46DE8}") = "API", "API", "{E98D3A37-A67F-4C9B-8462-EF87EB387DEF}"
EndProject
Project("{2150E333-8FDC-42A3-9474-1A3956D46DE8}") = "Application", "Application", "{E6BD60A7-D88E-45B6-B0EE-43D3E402F6A6}"
EndProject
Project("{2150E333-8FDC-42A3-9474-1A3956D46DE8}") = "Domain", "Domain", "{8892DF18-440B-49E2-840E-DC1C857DF34B}"
EndProject
Project("{2150E333-8FDC-42A3-9474-1A3956D46DE8}") = "Infrastructure", "Infrastructure", "{1F431C10-5288-4546-9906-9611CF3FD22E}"
EndProject
Project("{2150E333-8FDC-42A3-9474-1A3956D46DE8}") = "Tools", "Tools", "{471A335B-59E2-4B64-BDE9-25CD256C0BDC}"
EndProject
Project("{FAE04EC0-301F-11D3-BF4B-00C04F79EFBC}") = "TheContentor.Domain", "src\Domain\TheContentor.Domain\TheContentor.Domain.csproj", "{7056686A-5B1B-4FD1-95DE-0F4629770EC4}"
EndProject
Project("{FAE04EC0-301F-11D3-BF4B-00C04F79EFBC}") = "TheContentor.Application", "src\Application\TheContentor.Application\TheContentor.Application.csproj", "{C5B63131-3F60-4B08-89FD-1A6F7C702BB0}"
EndProject
Project("{FAE04EC0-301F-11D3-BF4B-00C04F79EFBC}") = "TheContentor.Infrastructure", "src\Infrastructure\TheContentor.Infrastructure\TheContentor.Infrastructure.csproj", "{186836EC-B6BD-4CFA-9E2B-1CE8C82C96F3}"
EndProject
Project("{FAE04EC0-301F-11D3-BF4B-00C04F79EFBC}") = "TheContentor.Aspire", "src\Tools\TheContentor.Aspire\TheContentor.Aspire.csproj", "{E669AA25-FB50-4FF6-BD9E-650303FC51BE}"
EndProject
Project("{FAE04EC0-301F-11D3-BF4B-00C04F79EFBC}") = "TheContentor.ServiceDefaults", "src\Tools\TheContentor.ServiceDefaults\TheContentor.ServiceDefaults.csproj", "{5E6A20A7-BCFA-434F-8148-371FB1124966}"
EndProject
Project("{FAE04EC0-301F-11D3-BF4B-00C04F79EFBC}") = "TheContentor.API", "src\API\TheContentor.API\TheContentor.API.csproj", "{50A6A09E-8DC8-4781-A0C9-3D261DCF8B34}"
EndProject
Project("{2150E333-8FDC-42A3-9474-1A3956D46DE8}") = "Orchestrators", "Orchestrators", "{C897EC53-2749-4E58-BD1C-04A27243AB98}"
EndProject
Project("{FAE04EC0-301F-11D3-BF4B-00C04F79EFBC}") = "TheContentor.Orchestrator", "src\Orchestrators\TheContentor.Orchestrator\TheContentor.Orchestrator.csproj", "{7AB03FD1-3DA7-4B06-98E0-B2D45AEDEAC8}"
EndProject
Project("{FAE04EC0-301F-11D3-BF4B-00C04F79EFBC}") = "TheContentor.Console", "src\Tools\TheContentor.Console\TheContentor.Console.csproj", "{EB4CE42B-4718-4B92-9CAA-B14DBBA7B17B}"
EndProject
Project("{2150E333-8FDC-42A3-9474-1A3956D46DE8}") = "test", "test", "{A09827A9-4079-4703-B08C-3AAB1BA35C6D}"
EndProject
Project("{2150E333-8FDC-42A3-9474-1A3956D46DE8}") = "Infrastructure", "Infrastructure", "{6D07057B-5E92-4589-8A0C-190BDB51BBDC}"
EndProject
Project("{FAE04EC0-301F-11D3-BF4B-00C04F79EFBC}") = "TheContentor.Infrastructure.Tests", "test\Infrastructure\TheContentor.Infrastructure.Tests\TheContentor.Infrastructure.Tests.csproj", "{D6221142-D059-46F8-904C-E92B57F247E8}"
EndProject
Project("{FAE04EC0-301F-11D3-BF4B-00C04F79EFBC}") = "TheContentor.Application.Tests", "test\Application\TheContentor.Application.Tests\TheContentor.Application.Tests.csproj", "{0D915550-82AC-430C-9521-DCBE10BF8681}"
EndProject
Project("{2150E333-8FDC-42A3-9474-1A3956D46DE8}") = "Modules", "Modules", "{4515D94F-0B64-4AA9-A2BD-FEABA23C8916}"
EndProject
Project("{2150E333-8FDC-42A3-9474-1A3956D46DE8}") = "TTS", "TTS", "{B46D2CBC-0FFE-4D09-9264-DE43B6A4C133}"
	ProjectSection(SolutionItems) = preProject
		src\Modules\TTS\tts-worker.py = src\Modules\TTS\tts-worker.py
		src\Modules\TTS\requirements.txt = src\Modules\TTS\requirements.txt
	EndProjectSection
EndProject
Project("{2150E333-8FDC-42A3-9474-1A3956D46DE8}") = "Subtitle", "Subtitle", "{A293FD3B-6A2E-44AA-BB37-E5BE35C64E78}"
	ProjectSection(SolutionItems) = preProject
		src\Modules\Subtitle\requirements.txt = src\Modules\Subtitle\requirements.txt
	EndProjectSection
EndProject
Project("{2150E333-8FDC-42A3-9474-1A3956D46DE8}") = "Video", "Video", "{19E4C8C0-BA1D-486C-BDE7-5739B3CE6401}"
	ProjectSection(SolutionItems) = preProject
		src\Modules\Video\video-worker.py = src\Modules\Video\video-worker.py
		src\Modules\Video\requirements.txt = src\Modules\Video\requirements.txt
	EndProjectSection
EndProject
Global
	GlobalSection(SolutionConfigurationPlatforms) = preSolution
		Debug|Any CPU = Debug|Any CPU
		Debug|x64 = Debug|x64
		Debug|x86 = Debug|x86
		Release|Any CPU = Release|Any CPU
		Release|x64 = Release|x64
		Release|x86 = Release|x86
	EndGlobalSection
	GlobalSection(ProjectConfigurationPlatforms) = postSolution
		{7056686A-5B1B-4FD1-95DE-0F4629770EC4}.Debug|Any CPU.ActiveCfg = Debug|Any CPU
		{7056686A-5B1B-4FD1-95DE-0F4629770EC4}.Debug|Any CPU.Build.0 = Debug|Any CPU
		{7056686A-5B1B-4FD1-95DE-0F4629770EC4}.Debug|x64.ActiveCfg = Debug|Any CPU
		{7056686A-5B1B-4FD1-95DE-0F4629770EC4}.Debug|x64.Build.0 = Debug|Any CPU
		{7056686A-5B1B-4FD1-95DE-0F4629770EC4}.Debug|x86.ActiveCfg = Debug|Any CPU
		{7056686A-5B1B-4FD1-95DE-0F4629770EC4}.Debug|x86.Build.0 = Debug|Any CPU
		{7056686A-5B1B-4FD1-95DE-0F4629770EC4}.Release|Any CPU.ActiveCfg = Release|Any CPU
		{7056686A-5B1B-4FD1-95DE-0F4629770EC4}.Release|Any CPU.Build.0 = Release|Any CPU
		{7056686A-5B1B-4FD1-95DE-0F4629770EC4}.Release|x64.ActiveCfg = Release|Any CPU
		{7056686A-5B1B-4FD1-95DE-0F4629770EC4}.Release|x64.Build.0 = Release|Any CPU
		{7056686A-5B1B-4FD1-95DE-0F4629770EC4}.Release|x86.ActiveCfg = Release|Any CPU
		{7056686A-5B1B-4FD1-95DE-0F4629770EC4}.Release|x86.Build.0 = Release|Any CPU
		{C5B63131-3F60-4B08-89FD-1A6F7C702BB0}.Debug|Any CPU.ActiveCfg = Debug|Any CPU
		{C5B63131-3F60-4B08-89FD-1A6F7C702BB0}.Debug|Any CPU.Build.0 = Debug|Any CPU
		{C5B63131-3F60-4B08-89FD-1A6F7C702BB0}.Debug|x64.ActiveCfg = Debug|Any CPU
		{C5B63131-3F60-4B08-89FD-1A6F7C702BB0}.Debug|x64.Build.0 = Debug|Any CPU
		{C5B63131-3F60-4B08-89FD-1A6F7C702BB0}.Debug|x86.ActiveCfg = Debug|Any CPU
		{C5B63131-3F60-4B08-89FD-1A6F7C702BB0}.Debug|x86.Build.0 = Debug|Any CPU
		{C5B63131-3F60-4B08-89FD-1A6F7C702BB0}.Release|Any CPU.ActiveCfg = Release|Any CPU
		{C5B63131-3F60-4B08-89FD-1A6F7C702BB0}.Release|Any CPU.Build.0 = Release|Any CPU
		{C5B63131-3F60-4B08-89FD-1A6F7C702BB0}.Release|x64.ActiveCfg = Release|Any CPU
		{C5B63131-3F60-4B08-89FD-1A6F7C702BB0}.Release|x64.Build.0 = Release|Any CPU
		{C5B63131-3F60-4B08-89FD-1A6F7C702BB0}.Release|x86.ActiveCfg = Release|Any CPU
		{C5B63131-3F60-4B08-89FD-1A6F7C702BB0}.Release|x86.Build.0 = Release|Any CPU
		{186836EC-B6BD-4CFA-9E2B-1CE8C82C96F3}.Debug|Any CPU.ActiveCfg = Debug|Any CPU
		{186836EC-B6BD-4CFA-9E2B-1CE8C82C96F3}.Debug|Any CPU.Build.0 = Debug|Any CPU
		{186836EC-B6BD-4CFA-9E2B-1CE8C82C96F3}.Debug|x64.ActiveCfg = Debug|Any CPU
		{186836EC-B6BD-4CFA-9E2B-1CE8C82C96F3}.Debug|x64.Build.0 = Debug|Any CPU
		{186836EC-B6BD-4CFA-9E2B-1CE8C82C96F3}.Debug|x86.ActiveCfg = Debug|Any CPU
		{186836EC-B6BD-4CFA-9E2B-1CE8C82C96F3}.Debug|x86.Build.0 = Debug|Any CPU
		{186836EC-B6BD-4CFA-9E2B-1CE8C82C96F3}.Release|Any CPU.ActiveCfg = Release|Any CPU
		{186836EC-B6BD-4CFA-9E2B-1CE8C82C96F3}.Release|Any CPU.Build.0 = Release|Any CPU
		{186836EC-B6BD-4CFA-9E2B-1CE8C82C96F3}.Release|x64.ActiveCfg = Release|Any CPU
		{186836EC-B6BD-4CFA-9E2B-1CE8C82C96F3}.Release|x64.Build.0 = Release|Any CPU
		{186836EC-B6BD-4CFA-9E2B-1CE8C82C96F3}.Release|x86.ActiveCfg = Release|Any CPU
		{186836EC-B6BD-4CFA-9E2B-1CE8C82C96F3}.Release|x86.Build.0 = Release|Any CPU
		{E669AA25-FB50-4FF6-BD9E-650303FC51BE}.Debug|Any CPU.ActiveCfg = Debug|Any CPU
		{E669AA25-FB50-4FF6-BD9E-650303FC51BE}.Debug|Any CPU.Build.0 = Debug|Any CPU
		{E669AA25-FB50-4FF6-BD9E-650303FC51BE}.Debug|x64.ActiveCfg = Debug|Any CPU
		{E669AA25-FB50-4FF6-BD9E-650303FC51BE}.Debug|x64.Build.0 = Debug|Any CPU
		{E669AA25-FB50-4FF6-BD9E-650303FC51BE}.Debug|x86.ActiveCfg = Debug|Any CPU
		{E669AA25-FB50-4FF6-BD9E-650303FC51BE}.Debug|x86.Build.0 = Debug|Any CPU
		{E669AA25-FB50-4FF6-BD9E-650303FC51BE}.Release|Any CPU.ActiveCfg = Release|Any CPU
		{E669AA25-FB50-4FF6-BD9E-650303FC51BE}.Release|Any CPU.Build.0 = Release|Any CPU
		{E669AA25-FB50-4FF6-BD9E-650303FC51BE}.Release|x64.ActiveCfg = Release|Any CPU
		{E669AA25-FB50-4FF6-BD9E-650303FC51BE}.Release|x64.Build.0 = Release|Any CPU
		{E669AA25-FB50-4FF6-BD9E-650303FC51BE}.Release|x86.ActiveCfg = Release|Any CPU
		{E669AA25-FB50-4FF6-BD9E-650303FC51BE}.Release|x86.Build.0 = Release|Any CPU
		{5E6A20A7-BCFA-434F-8148-371FB1124966}.Debug|Any CPU.ActiveCfg = Debug|Any CPU
		{5E6A20A7-BCFA-434F-8148-371FB1124966}.Debug|Any CPU.Build.0 = Debug|Any CPU
		{5E6A20A7-BCFA-434F-8148-371FB1124966}.Debug|x64.ActiveCfg = Debug|Any CPU
		{5E6A20A7-BCFA-434F-8148-371FB1124966}.Debug|x64.Build.0 = Debug|Any CPU
		{5E6A20A7-BCFA-434F-8148-371FB1124966}.Debug|x86.ActiveCfg = Debug|Any CPU
		{5E6A20A7-BCFA-434F-8148-371FB1124966}.Debug|x86.Build.0 = Debug|Any CPU
		{5E6A20A7-BCFA-434F-8148-371FB1124966}.Release|Any CPU.ActiveCfg = Release|Any CPU
		{5E6A20A7-BCFA-434F-8148-371FB1124966}.Release|Any CPU.Build.0 = Release|Any CPU
		{5E6A20A7-BCFA-434F-8148-371FB1124966}.Release|x64.ActiveCfg = Release|Any CPU
		{5E6A20A7-BCFA-434F-8148-371FB1124966}.Release|x64.Build.0 = Release|Any CPU
		{5E6A20A7-BCFA-434F-8148-371FB1124966}.Release|x86.ActiveCfg = Release|Any CPU
		{5E6A20A7-BCFA-434F-8148-371FB1124966}.Release|x86.Build.0 = Release|Any CPU
		{50A6A09E-8DC8-4781-A0C9-3D261DCF8B34}.Debug|Any CPU.ActiveCfg = Debug|Any CPU
		{50A6A09E-8DC8-4781-A0C9-3D261DCF8B34}.Debug|Any CPU.Build.0 = Debug|Any CPU
		{50A6A09E-8DC8-4781-A0C9-3D261DCF8B34}.Debug|x64.ActiveCfg = Debug|Any CPU
		{50A6A09E-8DC8-4781-A0C9-3D261DCF8B34}.Debug|x64.Build.0 = Debug|Any CPU
		{50A6A09E-8DC8-4781-A0C9-3D261DCF8B34}.Debug|x86.ActiveCfg = Debug|Any CPU
		{50A6A09E-8DC8-4781-A0C9-3D261DCF8B34}.Debug|x86.Build.0 = Debug|Any CPU
		{50A6A09E-8DC8-4781-A0C9-3D261DCF8B34}.Release|Any CPU.ActiveCfg = Release|Any CPU
		{50A6A09E-8DC8-4781-A0C9-3D261DCF8B34}.Release|Any CPU.Build.0 = Release|Any CPU
		{50A6A09E-8DC8-4781-A0C9-3D261DCF8B34}.Release|x64.ActiveCfg = Release|Any CPU
		{50A6A09E-8DC8-4781-A0C9-3D261DCF8B34}.Release|x64.Build.0 = Release|Any CPU
		{50A6A09E-8DC8-4781-A0C9-3D261DCF8B34}.Release|x86.ActiveCfg = Release|Any CPU
		{50A6A09E-8DC8-4781-A0C9-3D261DCF8B34}.Release|x86.Build.0 = Release|Any CPU
		{7AB03FD1-3DA7-4B06-98E0-B2D45AEDEAC8}.Debug|Any CPU.ActiveCfg = Debug|Any CPU
		{7AB03FD1-3DA7-4B06-98E0-B2D45AEDEAC8}.Debug|Any CPU.Build.0 = Debug|Any CPU
		{7AB03FD1-3DA7-4B06-98E0-B2D45AEDEAC8}.Debug|x64.ActiveCfg = Debug|Any CPU
		{7AB03FD1-3DA7-4B06-98E0-B2D45AEDEAC8}.Debug|x64.Build.0 = Debug|Any CPU
		{7AB03FD1-3DA7-4B06-98E0-B2D45AEDEAC8}.Debug|x86.ActiveCfg = Debug|Any CPU
		{7AB03FD1-3DA7-4B06-98E0-B2D45AEDEAC8}.Debug|x86.Build.0 = Debug|Any CPU
		{7AB03FD1-3DA7-4B06-98E0-B2D45AEDEAC8}.Release|Any CPU.ActiveCfg = Release|Any CPU
		{7AB03FD1-3DA7-4B06-98E0-B2D45AEDEAC8}.Release|Any CPU.Build.0 = Release|Any CPU
		{7AB03FD1-3DA7-4B06-98E0-B2D45AEDEAC8}.Release|x64.ActiveCfg = Release|Any CPU
		{7AB03FD1-3DA7-4B06-98E0-B2D45AEDEAC8}.Release|x64.Build.0 = Release|Any CPU
		{7AB03FD1-3DA7-4B06-98E0-B2D45AEDEAC8}.Release|x86.ActiveCfg = Release|Any CPU
		{7AB03FD1-3DA7-4B06-98E0-B2D45AEDEAC8}.Release|x86.Build.0 = Release|Any CPU
		{EB4CE42B-4718-4B92-9CAA-B14DBBA7B17B}.Debug|Any CPU.ActiveCfg = Debug|Any CPU
		{EB4CE42B-4718-4B92-9CAA-B14DBBA7B17B}.Debug|Any CPU.Build.0 = Debug|Any CPU
		{EB4CE42B-4718-4B92-9CAA-B14DBBA7B17B}.Debug|x64.ActiveCfg = Debug|Any CPU
		{EB4CE42B-4718-4B92-9CAA-B14DBBA7B17B}.Debug|x64.Build.0 = Debug|Any CPU
		{EB4CE42B-4718-4B92-9CAA-B14DBBA7B17B}.Debug|x86.ActiveCfg = Debug|Any CPU
		{EB4CE42B-4718-4B92-9CAA-B14DBBA7B17B}.Debug|x86.Build.0 = Debug|Any CPU
		{EB4CE42B-4718-4B92-9CAA-B14DBBA7B17B}.Release|Any CPU.ActiveCfg = Release|Any CPU
		{EB4CE42B-4718-4B92-9CAA-B14DBBA7B17B}.Release|Any CPU.Build.0 = Release|Any CPU
		{EB4CE42B-4718-4B92-9CAA-B14DBBA7B17B}.Release|x64.ActiveCfg = Release|Any CPU
		{EB4CE42B-4718-4B92-9CAA-B14DBBA7B17B}.Release|x64.Build.0 = Release|Any CPU
		{EB4CE42B-4718-4B92-9CAA-B14DBBA7B17B}.Release|x86.ActiveCfg = Release|Any CPU
		{EB4CE42B-4718-4B92-9CAA-B14DBBA7B17B}.Release|x86.Build.0 = Release|Any CPU
		{D6221142-D059-46F8-904C-E92B57F247E8}.Debug|Any CPU.ActiveCfg = Debug|Any CPU
		{D6221142-D059-46F8-904C-E92B57F247E8}.Debug|Any CPU.Build.0 = Debug|Any CPU
		{D6221142-D059-46F8-904C-E92B57F247E8}.Debug|x64.ActiveCfg = Debug|Any CPU
		{D6221142-D059-46F8-904C-E92B57F247E8}.Debug|x64.Build.0 = Debug|Any CPU
		{D6221142-D059-46F8-904C-E92B57F247E8}.Debug|x86.ActiveCfg = Debug|Any CPU
		{D6221142-D059-46F8-904C-E92B57F247E8}.Debug|x86.Build.0 = Debug|Any CPU
		{D6221142-D059-46F8-904C-E92B57F247E8}.Release|Any CPU.ActiveCfg = Release|Any CPU
		{D6221142-D059-46F8-904C-E92B57F247E8}.Release|Any CPU.Build.0 = Release|Any CPU
		{D6221142-D059-46F8-904C-E92B57F247E8}.Release|x64.ActiveCfg = Release|Any CPU
		{D6221142-D059-46F8-904C-E92B57F247E8}.Release|x64.Build.0 = Release|Any CPU
		{D6221142-D059-46F8-904C-E92B57F247E8}.Release|x86.ActiveCfg = Release|Any CPU
		{D6221142-D059-46F8-904C-E92B57F247E8}.Release|x86.Build.0 = Release|Any CPU
		{0D915550-82AC-430C-9521-DCBE10BF8681}.Debug|Any CPU.ActiveCfg = Debug|Any CPU
		{0D915550-82AC-430C-9521-DCBE10BF8681}.Debug|Any CPU.Build.0 = Debug|Any CPU
		{0D915550-82AC-430C-9521-DCBE10BF8681}.Debug|x64.ActiveCfg = Debug|Any CPU
		{0D915550-82AC-430C-9521-DCBE10BF8681}.Debug|x64.Build.0 = Debug|Any CPU
		{0D915550-82AC-430C-9521-DCBE10BF8681}.Debug|x86.ActiveCfg = Debug|Any CPU
		{0D915550-82AC-430C-9521-DCBE10BF8681}.Debug|x86.Build.0 = Debug|Any CPU
		{0D915550-82AC-430C-9521-DCBE10BF8681}.Release|Any CPU.ActiveCfg = Release|Any CPU
		{0D915550-82AC-430C-9521-DCBE10BF8681}.Release|Any CPU.Build.0 = Release|Any CPU
		{0D915550-82AC-430C-9521-DCBE10BF8681}.Release|x64.ActiveCfg = Release|Any CPU
		{0D915550-82AC-430C-9521-DCBE10BF8681}.Release|x64.Build.0 = Release|Any CPU
		{0D915550-82AC-430C-9521-DCBE10BF8681}.Release|x86.ActiveCfg = Release|Any CPU
		{0D915550-82AC-430C-9521-DCBE10BF8681}.Release|x86.Build.0 = Release|Any CPU
	EndGlobalSection
	GlobalSection(SolutionProperties) = preSolution
		HideSolutionNode = FALSE
	EndGlobalSection
	GlobalSection(NestedProjects) = preSolution
		{E98D3A37-A67F-4C9B-8462-EF87EB387DEF} = {DDEE5021-AB97-419B-B7A3-B1B5CA76E3C7}
		{E6BD60A7-D88E-45B6-B0EE-43D3E402F6A6} = {DDEE5021-AB97-419B-B7A3-B1B5CA76E3C7}
		{8892DF18-440B-49E2-840E-DC1C857DF34B} = {DDEE5021-AB97-419B-B7A3-B1B5CA76E3C7}
		{1F431C10-5288-4546-9906-9611CF3FD22E} = {DDEE5021-AB97-419B-B7A3-B1B5CA76E3C7}
		{471A335B-59E2-4B64-BDE9-25CD256C0BDC} = {DDEE5021-AB97-419B-B7A3-B1B5CA76E3C7}
		{7056686A-5B1B-4FD1-95DE-0F4629770EC4} = {8892DF18-440B-49E2-840E-DC1C857DF34B}
		{C5B63131-3F60-4B08-89FD-1A6F7C702BB0} = {E6BD60A7-D88E-45B6-B0EE-43D3E402F6A6}
		{186836EC-B6BD-4CFA-9E2B-1CE8C82C96F3} = {1F431C10-5288-4546-9906-9611CF3FD22E}
		{E669AA25-FB50-4FF6-BD9E-650303FC51BE} = {471A335B-59E2-4B64-BDE9-25CD256C0BDC}
		{5E6A20A7-BCFA-434F-8148-371FB1124966} = {471A335B-59E2-4B64-BDE9-25CD256C0BDC}
		{50A6A09E-8DC8-4781-A0C9-3D261DCF8B34} = {E98D3A37-A67F-4C9B-8462-EF87EB387DEF}
		{C897EC53-2749-4E58-BD1C-04A27243AB98} = {DDEE5021-AB97-419B-B7A3-B1B5CA76E3C7}
		{7AB03FD1-3DA7-4B06-98E0-B2D45AEDEAC8} = {C897EC53-2749-4E58-BD1C-04A27243AB98}
		{EB4CE42B-4718-4B92-9CAA-B14DBBA7B17B} = {471A335B-59E2-4B64-BDE9-25CD256C0BDC}
		{6D07057B-5E92-4589-8A0C-190BDB51BBDC} = {A09827A9-4079-4703-B08C-3AAB1BA35C6D}
		{D6221142-D059-46F8-904C-E92B57F247E8} = {6D07057B-5E92-4589-8A0C-190BDB51BBDC}
		{0D915550-82AC-430C-9521-DCBE10BF8681} = {6D07057B-5E92-4589-8A0C-190BDB51BBDC}
		{4515D94F-0B64-4AA9-A2BD-FEABA23C8916} = {DDEE5021-AB97-419B-B7A3-B1B5CA76E3C7}
		{B46D2CBC-0FFE-4D09-9264-DE43B6A4C133} = {4515D94F-0B64-4AA9-A2BD-FEABA23C8916}
		{A293FD3B-6A2E-44AA-BB37-E5BE35C64E78} = {4515D94F-0B64-4AA9-A2BD-FEABA23C8916}
		{19E4C8C0-BA1D-486C-BDE7-5739B3CE6401} = {4515D94F-0B64-4AA9-A2BD-FEABA23C8916}
	EndGlobalSection
EndGlobal
